{
    "_readme": [
        "This file locks the dependencies of your project to a known state",
        "Read more about it at http://getcomposer.org/doc/01-basic-usage.md#composer-lock-the-lock-file",
        "This file is @generated automatically"
    ],
    "hash": "4b7cbffde1c7cadbf895191a310879e5",
    "packages": [
        {
            "name": "cminorframework/utilitybelt-general",
            "version": "dev-master",
            "source": {
                "type": "git",
                "url": "https://github.com/cminorframework/utilitybelt-general.git",
                "reference": "8a4c69b6cbd934a8d06055ecc575eb492af5d2ce"
            },
            "require": {
                "illuminate/container": "*"
            },
            "type": "library",
            "autoload": {
                "psr-4": {
                    "CminorFramework\\UtilityBelt\\General\\": "src/CminorFramework/UtilityBelt/General/"
                }
            },
            "license": [
                "MIT"
            ],
            "authors": [
                {
                    "name": "Dimitrios Psarrou",
                    "email": "dpsarrou@gmail.com"
                }
            ],
            "description": "The general utility belt",
            "time": "2015-02-15 13:25:16"
        },
        {
            "name": "illuminate/container",
            "version": "dev-master",
            "source": {
                "type": "git",
                "url": "https://github.com/illuminate/container.git",
                "reference": "d2d52b318977103cc5a2eda5bcea1d3f1082cc5f"
            },
            "dist": {
                "type": "zip",
                "url": "https://api.github.com/repos/illuminate/container/zipball/d2d52b318977103cc5a2eda5bcea1d3f1082cc5f",
                "reference": "d2d52b318977103cc5a2eda5bcea1d3f1082cc5f",
                "shasum": ""
            },
            "require": {
                "illuminate/contracts": "5.1.*",
                "php": ">=5.4.0"
            },
            "type": "library",
            "extra": {
                "branch-alias": {
                    "dev-master": "5.1-dev"
                }
            },
            "autoload": {
                "psr-4": {
                    "Illuminate\\Container\\": ""
                }
            },
            "notification-url": "https://packagist.org/downloads/",
            "license": [
                "MIT"
            ],
            "authors": [
                {
                    "name": "Taylor Otwell",
                    "email": "taylorotwell@gmail.com"
                }
            ],
            "description": "The Illuminate Container package.",
            "time": "2015-02-11 15:59:50"
        },
        {
            "name": "illuminate/contracts",
            "version": "dev-master",
            "source": {
                "type": "git",
                "url": "https://github.com/illuminate/contracts.git",
                "reference": "e9d98d820300288ac902bd3f6b35a9f5cb7fe2cb"
            },
            "dist": {
                "type": "zip",
                "url": "https://api.github.com/repos/illuminate/contracts/zipball/e9d98d820300288ac902bd3f6b35a9f5cb7fe2cb",
                "reference": "e9d98d820300288ac902bd3f6b35a9f5cb7fe2cb",
                "shasum": ""
            },
            "require": {
                "php": ">=5.4.0"
            },
            "type": "library",
            "extra": {
                "branch-alias": {
                    "dev-master": "5.1-dev"
                }
            },
            "autoload": {
                "psr-4": {
                    "Illuminate\\Contracts\\": ""
                }
            },
            "notification-url": "https://packagist.org/downloads/",
            "license": [
                "MIT"
            ],
            "authors": [
                {
                    "name": "Taylor Otwell",
                    "email": "taylorotwell@gmail.com"
                }
            ],
            "description": "The Illuminate Contracts package.",
            "time": "2015-01-30 19:09:31"
        }
    ],
    "packages-dev": [],
    "aliases": [],
    "minimum-stability": "dev",
    "stability-flags": [],
    "prefer-stable": false,
    "prefer-lowest": false,
    "platform": [],
    "platform-dev": []
}
