{
    "_readme": [
        "This file locks the dependencies of your project to a known state",
        "Read more about it at https://getcomposer.org/doc/01-basic-usage.md#composer-lock-the-lock-file",
        "This file is @generated automatically"
    ],
    "hash": "4c94b5007e6853fddca671b1b7308d14",
    "packages": [
        {
            "name": "cminorframework/utilitybelt-general",
            "version": "0.9.1",
            "source": {
                "type": "git",
                "url": "https://github.com/cminorframework/utilitybelt-general.git",
                "reference": "535f13b0de9239fac74a5103c7ad9d74f4b241a1"
            },
            "dist": {
                "type": "zip",
                "url": "https://api.github.com/repos/cminorframework/utilitybelt-general/zipball/535f13b0de9239fac74a5103c7ad9d74f4b241a1",
                "reference": "535f13b0de9239fac74a5103c7ad9d74f4b241a1",
                "shasum": ""
            },
            "require": {
                "illuminate/container": "*",
                "mobiledetect/mobiledetectlib": "dev-master"
            },
            "type": "library",
            "autoload": {
                "psr-4": {
                    "CminorFramework\\UtilityBelt\\General\\": "src/CminorFramework/UtilityBelt/General/"
                }
            },
            "license": [
                "MIT"
            ],
            "authors": [
                {
                    "name": "Dimitrios Psarrou",
                    "email": "dpsarrou@gmail.com"
                }
            ],
            "description": "The general utility belt",
            "support": {
                "source": "https://github.com/cminorframework/utilitybelt-general/tree/0.9.1-adds_user_agent",
                "issues": "https://github.com/cminorframework/utilitybelt-general/issues"
            },
            "time": "2015-02-20 13:10:59"
        },
        {
            "name": "illuminate/container",
            "version": "v5.0.0",
            "source": {
                "type": "git",
                "url": "https://github.com/illuminate/container.git",
                "reference": "22fae557d2a631585536654fadb069f34c315040"
            },
            "dist": {
                "type": "zip",
                "url": "https://api.github.com/repos/illuminate/container/zipball/22fae557d2a631585536654fadb069f34c315040",
                "reference": "22fae557d2a631585536654fadb069f34c315040",
                "shasum": ""
            },
            "require": {
                "illuminate/contracts": "5.0.*",
                "php": ">=5.4.0"
            },
            "type": "library",
            "extra": {
                "branch-alias": {
                    "dev-master": "5.0-dev"
                }
            },
            "autoload": {
                "psr-4": {
                    "Illuminate\\Container\\": ""
                }
            },
            "notification-url": "https://packagist.org/downloads/",
            "license": [
                "MIT"
            ],
            "authors": [
                {
                    "name": "Taylor Otwell",
                    "email": "taylorotwell@gmail.com"
                }
            ],
            "description": "The Illuminate Container package.",
            "time": "2015-01-07 02:06:23"
        },
        {
            "name": "illuminate/contracts",
            "version": "5.0.x-dev",
            "source": {
                "type": "git",
                "url": "https://github.com/illuminate/contracts.git",
                "reference": "6d23815fee6057b29cab8094af8cbb8ce3ac82e4"
            },
            "dist": {
                "type": "zip",
                "url": "https://api.github.com/repos/illuminate/contracts/zipball/6d23815fee6057b29cab8094af8cbb8ce3ac82e4",
                "reference": "6d23815fee6057b29cab8094af8cbb8ce3ac82e4",
                "shasum": ""
            },
            "require": {
                "php": ">=5.4.0"
            },
            "type": "library",
            "extra": {
                "branch-alias": {
                    "dev-master": "5.0-dev"
                }
            },
            "autoload": {
                "psr-4": {
                    "Illuminate\\Contracts\\": ""
                }
            },
            "notification-url": "https://packagist.org/downloads/",
            "license": [
                "MIT"
            ],
            "authors": [
                {
                    "name": "Taylor Otwell",
                    "email": "taylorotwell@gmail.com"
                }
            ],
            "description": "The Illuminate Contracts package.",
            "homepage": "http://laravel.com",
            "time": "2015-05-15 07:22:28"
        },
        {
            "name": "mobiledetect/mobiledetectlib",
            "version": "dev-master",
            "source": {
                "type": "git",
                "url": "https://github.com/serbanghita/Mobile-Detect.git",
                "reference": "fc81cb582c9cd9024a16e0698c02b6d3cb0229df"
            },
            "dist": {
                "type": "zip",
                "url": "https://api.github.com/repos/serbanghita/Mobile-Detect/zipball/fc81cb582c9cd9024a16e0698c02b6d3cb0229df",
                "reference": "fc81cb582c9cd9024a16e0698c02b6d3cb0229df",
                "shasum": ""
            },
            "require": {
                "php": ">=5.0.0"
            },
            "require-dev": {
                "codeclimate/php-test-reporter": "dev-master",
                "johnkary/phpunit-speedtrap": "~1.0@dev",
                "phpunit/phpunit": "*"
            },
            "type": "library",
            "autoload": {
                "classmap": [
                    "Mobile_Detect.php"
                ],
                "psr-0": {
                    "Detection": "namespaced/"
                }
            },
            "notification-url": "https://packagist.org/downloads/",
            "license": [
                "MIT"
            ],
            "authors": [
                {
                    "name": "Serban Ghita",
                    "email": "serbanghita@gmail.com",
                    "homepage": "http://mobiledetect.net",
                    "role": "Developer"
                }
            ],
            "description": "Mobile_Detect is a lightweight PHP class for detecting mobile devices. It uses the User-Agent string combined with specific HTTP headers to detect the mobile environment.",
            "homepage": "https://github.com/serbanghita/Mobile-Detect",
            "keywords": [
                "detect mobile devices",
                "mobile",
                "mobile detect",
                "mobile detector",
                "php mobile detect"
            ],
            "time": "2015-04-25 20:10:52"
        }
    ],
    "packages-dev": [],
    "aliases": [],
    "minimum-stability": "dev",
    "stability-flags": [],
    "prefer-stable": false,
    "prefer-lowest": false,
    "platform": [],
    "platform-dev": []
}
